{
  "originHash" : "bf14d8c45f7848983e9a977f8929ed06f88b3ebc50dc3d55e8ca7d0e9dc57e52",
  "pins" : [
    {
      "identity" : "asyncobservable",
      "kind" : "remoteSourceControl",
      "location" : "https://github.com/meech-ward/AsyncObservable.git",
      "state" : {
        "revision" : "0c7bdec1fb0c5341de7e463385683cb0b655f885",
        "version" : "0.4.1"
      }
    },
    {
      "identity" : "confettiswiftui",
      "kind" : "remoteSourceControl",
      "location" : "https://github.com/simibac/ConfettiSwiftUI.git",
      "state" : {
        "revision" : "79666d42b882bf7921b1941fa7c636d681d77980",
        "version" : "2.0.3"
      }
    },
    {
      "identity" : "fluidgradient",
      "kind" : "remoteSourceControl",
      "location" : "https://github.com/Cindori/FluidGradient.git",
      "state" : {
        "revision" : "9ddda4cf23671ef0228e88681ec6210cb3e0d7f7",
        "version" : "1.0.0"
      }
    },
    {
      "identity" : "ios-corebluetooth-mock",
      "kind" : "remoteSourceControl",
      "location" : "https://github.com/NordicSemiconductor/IOS-CoreBluetooth-Mock",
      "state" : {
        "revision" : "d1e0321027728da6edf5b974cf113524bad2034a",
        "version" : "1.0.1"
      }
    },
    {
      "identity" : "swiftui-visual-effects",
      "kind" : "remoteSourceControl",
      "location" : "https://github.com/lucasbrown/swiftui-visual-effects.git",
      "state" : {
        "branch" : "master",
        "revision" : "b26f8cebd55ff60ed8953768aa818dfb005b5838"
      }
    }
  ],
  "version" : 3
}
